
Microsoft Visual Studio Solution File, Format Version 12.00
# Visual Studio 15
VisualStudioVersion = 15.0.28307.539
MinimumVisualStudioVersion = 10.0.40219.1
Project("{FAE04EC0-301F-11D3-BF4B-00C04F79EFBC}") = "EquiposDeBeisbol", "EquiposDeBeisbol\EquiposDeBeisbol.csproj", "{6ED96B62-B771-4DAF-8D5E-D1D3164CA658}"
EndProject
Global
	GlobalSection(SolutionConfigurationPlatforms) = preSolution
		Debug|Any CPU = Debug|Any CPU
		Release|Any CPU = Release|Any CPU
	EndGlobalSection
	GlobalSection(ProjectConfigurationPlatforms) = postSolution
		{6ED96B62-B771-4DAF-8D5E-D1D3164CA658}.Debug|Any CPU.ActiveCfg = Debug|Any CPU
		{6ED96B62-B771-4DAF-8D5E-D1D3164CA658}.Debug|Any CPU.Build.0 = Debug|Any CPU
		{6ED96B62-B771-4DAF-8D5E-D1D3164CA658}.Release|Any CPU.ActiveCfg = Release|Any CPU
		{6ED96B62-B771-4DAF-8D5E-D1D3164CA658}.Release|Any CPU.Build.0 = Release|Any CPU
	EndGlobalSection
	GlobalSection(SolutionProperties) = preSolution
		HideSolutionNode = FALSE
	EndGlobalSection
	GlobalSection(ExtensibilityGlobals) = postSolution
		SolutionGuid = {7265C6B1-DB91-439E-A1EA-33C00E8A0FFB}
	EndGlobalSection
EndGlobal
